{
  "name": "reuse-html",
  "lockfileVersion": 2,
  "requires": true,
  "packages": {
    "": {
      "devDependencies": {
        "@sanjo/compose": "^1.0.2"
      }
    },
    "node_modules/@sanjo/compose": {
      "version": "1.0.2",
      "resolved": "https://registry.npmjs.org/@sanjo/compose/-/compose-1.0.2.tgz",
      "integrity": "sha512-I84GOwWMhXcHGRMMxC1GLw1g+H+KJZZMTbKZC6dHpIpqB6m1GqE7fY9jVEHMK56M0QFrmiWoW/8MFu2NNvsNeQ==",
      "dev": true,
      "bin": {
        "compose": "index.js"
      }
    }
  },
  "dependencies": {
    "@sanjo/compose": {
      "version": "1.0.2",
      "resolved": "https://registry.npmjs.org/@sanjo/compose/-/compose-1.0.2.tgz",
      "integrity": "sha512-I84GOwWMhXcHGRMMxC1GLw1g+H+KJZZMTbKZC6dHpIpqB6m1GqE7fY9jVEHMK56M0QFrmiWoW/8MFu2NNvsNeQ==",
      "dev": true
    }
  }
}
